uuid: f494f3c6-5d6b-4a22-bb3d-593504f5fccc
langcode: en
status: true
dependencies:
  module:
    - workbench_moderation
third_party_settings:
  workbench_moderation:
    enabled: true
    allowed_moderation_states:
      - published
      - archived
      - draft
      - needs_review
    default_moderation_state: draft
id: moderated_translatable_block
label: 'Moderated Translatable Block'
revision: 1
description: ''
